
Microsoft Visual Studio Solution File, Format Version 12.00
# Visual Studio Version 17
VisualStudioVersion = 17.14.36717.8 d17.14
MinimumVisualStudioVersion = 10.0.40219.1
Project("{8BC9CEB8-8B4A-11D0-8D11-00A0C91BC942}") = "ServerLinux", "ServerLinux\ServerLinux.vcxproj", "{E6CE9C21-A65E-4C15-923F-62BFA8680348}"
EndProject
Global
	GlobalSection(SolutionConfigurationPlatforms) = preSolution
		Debug|ARM = Debug|ARM
		Debug|ARM64 = Debug|ARM64
		Debug|x64 = Debug|x64
		Debug|x86 = Debug|x86
		Release|ARM = Release|ARM
		Release|ARM64 = Release|ARM64
		Release|x64 = Release|x64
		Release|x86 = Release|x86
	EndGlobalSection
	GlobalSection(ProjectConfigurationPlatforms) = postSolution
		{E6CE9C21-A65E-4C15-923F-62BFA8680348}.Debug|ARM.ActiveCfg = Debug|ARM
		{E6CE9C21-A65E-4C15-923F-62BFA8680348}.Debug|ARM.Build.0 = Debug|ARM
		{E6CE9C21-A65E-4C15-923F-62BFA8680348}.Debug|ARM.Deploy.0 = Debug|ARM
		{E6CE9C21-A65E-4C15-923F-62BFA8680348}.Debug|ARM64.ActiveCfg = Debug|ARM64
		{E6CE9C21-A65E-4C15-923F-62BFA8680348}.Debug|ARM64.Build.0 = Debug|ARM64
		{E6CE9C21-A65E-4C15-923F-62BFA8680348}.Debug|ARM64.Deploy.0 = Debug|ARM64
		{E6CE9C21-A65E-4C15-923F-62BFA8680348}.Debug|x64.ActiveCfg = Debug|x64
		{E6CE9C21-A65E-4C15-923F-62BFA8680348}.Debug|x64.Build.0 = Debug|x64
		{E6CE9C21-A65E-4C15-923F-62BFA8680348}.Debug|x64.Deploy.0 = Debug|x64
		{E6CE9C21-A65E-4C15-923F-62BFA8680348}.Debug|x86.ActiveCfg = Debug|x86
		{E6CE9C21-A65E-4C15-923F-62BFA8680348}.Debug|x86.Build.0 = Debug|x86
		{E6CE9C21-A65E-4C15-923F-62BFA8680348}.Debug|x86.Deploy.0 = Debug|x86
		{E6CE9C21-A65E-4C15-923F-62BFA8680348}.Release|ARM.ActiveCfg = Release|ARM
		{E6CE9C21-A65E-4C15-923F-62BFA8680348}.Release|ARM.Build.0 = Release|ARM
		{E6CE9C21-A65E-4C15-923F-62BFA8680348}.Release|ARM.Deploy.0 = Release|ARM
		{E6CE9C21-A65E-4C15-923F-62BFA8680348}.Release|ARM64.ActiveCfg = Release|ARM64
		{E6CE9C21-A65E-4C15-923F-62BFA8680348}.Release|ARM64.Build.0 = Release|ARM64
		{E6CE9C21-A65E-4C15-923F-62BFA8680348}.Release|ARM64.Deploy.0 = Release|ARM64
		{E6CE9C21-A65E-4C15-923F-62BFA8680348}.Release|x64.ActiveCfg = Release|x64
		{E6CE9C21-A65E-4C15-923F-62BFA8680348}.Release|x64.Build.0 = Release|x64
		{E6CE9C21-A65E-4C15-923F-62BFA8680348}.Release|x64.Deploy.0 = Release|x64
		{E6CE9C21-A65E-4C15-923F-62BFA8680348}.Release|x86.ActiveCfg = Release|x86
		{E6CE9C21-A65E-4C15-923F-62BFA8680348}.Release|x86.Build.0 = Release|x86
		{E6CE9C21-A65E-4C15-923F-62BFA8680348}.Release|x86.Deploy.0 = Release|x86
	EndGlobalSection
	GlobalSection(SolutionProperties) = preSolution
		HideSolutionNode = FALSE
	EndGlobalSection
	GlobalSection(ExtensibilityGlobals) = postSolution
		SolutionGuid = {6D4DB7F5-2665-4E6C-AE8C-A7DFC22EAE9E}
	EndGlobalSection
EndGlobal
